
Microsoft Visual Studio Solution File, Format Version 12.00
# Visual Studio Version 17
VisualStudioVersion = 17.11.35222.181
MinimumVisualStudioVersion = 10.0.40219.1
Project("{FAE04EC0-301F-11D3-BF4B-00C04F79EFBC}") = "BaiKiemTra02", "BaiKiemTra02.csproj", "{A3132124-B896-4898-BC82-0DF8B111C3C8}"
EndProject
Global
	GlobalSection(SolutionConfigurationPlatforms) = preSolution
		Debug|Any CPU = Debug|Any CPU
		Release|Any CPU = Release|Any CPU
	EndGlobalSection
	GlobalSection(ProjectConfigurationPlatforms) = postSolution
		{A3132124-B896-4898-BC82-0DF8B111C3C8}.Debug|Any CPU.ActiveCfg = Debug|Any CPU
		{A3132124-B896-4898-BC82-0DF8B111C3C8}.Debug|Any CPU.Build.0 = Debug|Any CPU
		{A3132124-B896-4898-BC82-0DF8B111C3C8}.Release|Any CPU.ActiveCfg = Release|Any CPU
		{A3132124-B896-4898-BC82-0DF8B111C3C8}.Release|Any CPU.Build.0 = Release|Any CPU
	EndGlobalSection
	GlobalSection(SolutionProperties) = preSolution
		HideSolutionNode = FALSE
	EndGlobalSection
	GlobalSection(ExtensibilityGlobals) = postSolution
		SolutionGuid = {30A16B76-8A68-4968-ABC9-CA68DD4319FE}
	EndGlobalSection
EndGlobal
