
Microsoft Visual Studio Solution File, Format Version 12.00
# Visual Studio Version 17
VisualStudioVersion = 17.11.35222.181
MinimumVisualStudioVersion = 10.0.40219.1
Project("{FAE04EC0-301F-11D3-BF4B-00C04F79EFBC}") = "BaiTap06", "BaiTap06.csproj", "{C42142D5-CC85-4116-A8C8-775450F8FBAC}"
EndProject
Global
	GlobalSection(SolutionConfigurationPlatforms) = preSolution
		Debug|Any CPU = Debug|Any CPU
		Release|Any CPU = Release|Any CPU
	EndGlobalSection
	GlobalSection(ProjectConfigurationPlatforms) = postSolution
		{C42142D5-CC85-4116-A8C8-775450F8FBAC}.Debug|Any CPU.ActiveCfg = Debug|Any CPU
		{C42142D5-CC85-4116-A8C8-775450F8FBAC}.Debug|Any CPU.Build.0 = Debug|Any CPU
		{C42142D5-CC85-4116-A8C8-775450F8FBAC}.Release|Any CPU.ActiveCfg = Release|Any CPU
		{C42142D5-CC85-4116-A8C8-775450F8FBAC}.Release|Any CPU.Build.0 = Release|Any CPU
	EndGlobalSection
	GlobalSection(SolutionProperties) = preSolution
		HideSolutionNode = FALSE
	EndGlobalSection
	GlobalSection(ExtensibilityGlobals) = postSolution
		SolutionGuid = {63CEA72B-4D07-454C-9DA6-FE73EE79ECB7}
	EndGlobalSection
EndGlobal
